[[package]]
name = "appdirs"
version = "1.4.4"
description = "A small Python module for determining appropriate platform-specific dirs, e.g. a \"user data dir\"."
category = "dev"
optional = false
python-versions = "*"

[[package]]
name = "black"
version = "20.8b1"
description = "The uncompromising code formatter."
category = "dev"
optional = false
python-versions = ">=3.6"

[package.dependencies]
appdirs = "*"
click = ">=7.1.2"
mypy-extensions = ">=0.4.3"
pathspec = ">=0.6,<1"
regex = ">=2020.1.8"
toml = ">=0.10.1"
typed-ast = ">=1.4.0"
typing-extensions = ">=3.7.4"

[package.extras]
colorama = ["colorama (>=0.4.3)"]
d = ["aiohttp (>=3.3.2)", "aiohttp-cors"]

[[package]]
name = "cfgv"
version = "3.2.0"
description = "Validate configuration and produce human readable error messages."
category = "dev"
optional = false
python-versions = ">=3.6.1"

[[package]]
name = "click"
version = "7.1.2"
description = "Composable command line interface toolkit"
category = "dev"
optional = false
python-versions = ">=2.7, !=3.0.*, !=3.1.*, !=3.2.*, !=3.3.*, !=3.4.*"

[[package]]
name = "colorama"
version = "0.4.4"
description = "Cross-platform colored terminal text."
category = "main"
optional = false
python-versions = ">=2.7, !=3.0.*, !=3.1.*, !=3.2.*, !=3.3.*, !=3.4.*"

[[package]]
name = "commonmark"
version = "0.9.1"
description = "Python parser for the CommonMark Markdown spec"
category = "main"
optional = false
python-versions = "*"

[package.extras]
test = ["flake8 (==3.7.8)", "hypothesis (==3.55.3)"]

[[package]]
name = "distlib"
version = "0.3.1"
description = "Distribution utilities"
category = "dev"
optional = false
python-versions = "*"

[[package]]
name = "filelock"
version = "3.0.12"
description = "A platform independent file lock."
category = "dev"
optional = false
python-versions = "*"

[[package]]
name = "flake8"
version = "3.8.4"
description = "the modular source code checker: pep8 pyflakes and co"
category = "dev"
optional = false
python-versions = "!=3.0.*,!=3.1.*,!=3.2.*,!=3.3.*,>=2.7"

[package.dependencies]
importlib-metadata = {version = "*", markers = "python_version < \"3.8\""}
mccabe = ">=0.6.0,<0.7.0"
pycodestyle = ">=2.6.0a1,<2.7.0"
pyflakes = ">=2.2.0,<2.3.0"

[[package]]
name = "identify"
version = "1.5.13"
description = "File identification library for Python"
category = "dev"
optional = false
python-versions = "!=3.0.*,!=3.1.*,!=3.2.*,!=3.3.*,>=2.7"

[package.extras]
license = ["editdistance"]

[[package]]
name = "importlib-metadata"
version = "3.4.0"
description = "Read metadata from Python packages"
category = "dev"
optional = false
python-versions = ">=3.6"

[package.dependencies]
typing-extensions = {version = ">=3.6.4", markers = "python_version < \"3.8\""}
zipp = ">=0.5"

[package.extras]
docs = ["sphinx", "jaraco.packaging (>=8.2)", "rst.linker (>=1.9)"]
testing = ["pytest (>=3.5,!=3.7.3)", "pytest-checkdocs (>=1.2.3)", "pytest-flake8", "pytest-cov", "pytest-enabler", "packaging", "pep517", "pyfakefs", "flufl.flake8", "pytest-black (>=0.3.7)", "pytest-mypy", "importlib-resources (>=1.3)"]

[[package]]
name = "isort"
version = "5.7.0"
description = "A Python utility / library to sort Python imports."
category = "dev"
optional = false
python-versions = ">=3.6,<4.0"

[package.extras]
pipfile_deprecated_finder = ["pipreqs", "requirementslib"]
requirements_deprecated_finder = ["pipreqs", "pip-api"]
colors = ["colorama (>=0.4.3,<0.5.0)"]

[[package]]
name = "joblib"
version = "1.0.1"
description = "Lightweight pipelining with Python functions"
category = "main"
optional = false
python-versions = ">=3.6"

[[package]]
name = "mccabe"
version = "0.6.1"
description = "McCabe checker, plugin for flake8"
category = "dev"
optional = false
python-versions = "*"

[[package]]
name = "mypy-extensions"
version = "0.4.3"
description = "Experimental type system extensions for programs checked with the mypy typechecker."
category = "dev"
optional = false
python-versions = "*"

[[package]]
name = "nodeenv"
version = "1.5.0"
description = "Node.js virtual environment builder"
category = "dev"
optional = false
python-versions = "*"

[[package]]
name = "numpy"
version = "1.20.1"
description = "NumPy is the fundamental package for array computing with Python."
category = "main"
optional = false
python-versions = ">=3.7"

[[package]]
name = "pandas"
version = "1.2.2"
description = "Powerful data structures for data analysis, time series, and statistics"
category = "main"
optional = false
python-versions = ">=3.7.1"

[package.dependencies]
numpy = ">=1.16.5"
python-dateutil = ">=2.7.3"
pytz = ">=2017.3"

[package.extras]
test = ["pytest (>=5.0.1)", "pytest-xdist", "hypothesis (>=3.58)"]

[[package]]
name = "pathspec"
version = "0.8.1"
description = "Utility library for gitignore style pattern matching of file paths."
category = "dev"
optional = false
python-versions = ">=2.7, !=3.0.*, !=3.1.*, !=3.2.*, !=3.3.*, !=3.4.*"

[[package]]
name = "pre-commit"
version = "2.10.1"
description = "A framework for managing and maintaining multi-language pre-commit hooks."
category = "dev"
optional = false
python-versions = ">=3.6.1"

[package.dependencies]
cfgv = ">=2.0.0"
identify = ">=1.0.0"
importlib-metadata = {version = "*", markers = "python_version < \"3.8\""}
nodeenv = ">=0.11.1"
pyyaml = ">=5.1"
toml = "*"
virtualenv = ">=20.0.8"

[[package]]
name = "pycodestyle"
version = "2.6.0"
description = "Python style guide checker"
category = "dev"
optional = false
python-versions = ">=2.7, !=3.0.*, !=3.1.*, !=3.2.*, !=3.3.*"

[[package]]
name = "pyflakes"
version = "2.2.0"
description = "passive checker of Python programs"
category = "dev"
optional = false
python-versions = ">=2.7, !=3.0.*, !=3.1.*, !=3.2.*, !=3.3.*"

[[package]]
name = "pygments"
version = "2.8.0"
description = "Pygments is a syntax highlighting package written in Python."
category = "main"
optional = false
python-versions = ">=3.5"

[[package]]
name = "python-dateutil"
version = "2.8.1"
description = "Extensions to the standard Python datetime module"
category = "main"
optional = false
python-versions = "!=3.0.*,!=3.1.*,!=3.2.*,>=2.7"

[package.dependencies]
six = ">=1.5"

[[package]]
name = "pytz"
version = "2021.1"
description = "World timezone definitions, modern and historical"
category = "main"
optional = false
python-versions = "*"

[[package]]
name = "pyyaml"
version = "5.4.1"
description = "YAML parser and emitter for Python"
category = "dev"
optional = false
python-versions = ">=2.7, !=3.0.*, !=3.1.*, !=3.2.*, !=3.3.*, !=3.4.*, !=3.5.*"

[[package]]
name = "regex"
version = "2020.11.13"
description = "Alternative regular expression module, to replace re."
category = "dev"
optional = false
python-versions = "*"

[[package]]
name = "rich"
version = "9.10.0"
description = "Render rich text, tables, progress bars, syntax highlighting, markdown and more to the terminal"
category = "main"
optional = false
python-versions = ">=3.6,<4.0"

[package.dependencies]
colorama = ">=0.4.0,<0.5.0"
commonmark = ">=0.9.0,<0.10.0"
pygments = ">=2.6.0,<3.0.0"
typing-extensions = ">=3.7.4,<4.0.0"

[package.extras]
jupyter = ["ipywidgets (>=7.5.1,<8.0.0)"]

[[package]]
name = "scikit-learn"
version = "0.24.1"
description = "A set of python modules for machine learning and data mining"
category = "main"
optional = false
python-versions = ">=3.6"

[package.dependencies]
joblib = ">=0.11"
numpy = ">=1.13.3"
scipy = ">=0.19.1"
threadpoolctl = ">=2.0.0"

[package.extras]
benchmark = ["matplotlib (>=2.1.1)", "pandas (>=0.25.0)", "memory-profiler (>=0.57.0)"]
docs = ["matplotlib (>=2.1.1)", "scikit-image (>=0.13)", "pandas (>=0.25.0)", "seaborn (>=0.9.0)", "memory-profiler (>=0.57.0)", "sphinx (>=3.2.0)", "sphinx-gallery (>=0.7.0)", "numpydoc (>=1.0.0)", "Pillow (>=7.1.2)", "sphinx-prompt (>=1.3.0)"]
examples = ["matplotlib (>=2.1.1)", "scikit-image (>=0.13)", "pandas (>=0.25.0)", "seaborn (>=0.9.0)"]
tests = ["matplotlib (>=2.1.1)", "scikit-image (>=0.13)", "pandas (>=0.25.0)", "pytest (>=5.0.1)", "pytest-cov (>=2.9.0)", "flake8 (>=3.8.2)", "mypy (>=0.770)", "pyamg (>=4.0.0)"]

[[package]]
name = "scipy"
version = "1.6.0"
description = "SciPy: Scientific Library for Python"
category = "main"
optional = false
python-versions = ">=3.7"

[package.dependencies]
numpy = ">=1.16.5"

[[package]]
name = "six"
version = "1.15.0"
description = "Python 2 and 3 compatibility utilities"
category = "main"
optional = false
python-versions = ">=2.7, !=3.0.*, !=3.1.*, !=3.2.*"

[[package]]
name = "sklearn"
version = "0.0"
description = "A set of python modules for machine learning and data mining"
category = "main"
optional = false
python-versions = "*"

[package.dependencies]
scikit-learn = "*"

[[package]]
name = "threadpoolctl"
version = "2.1.0"
description = "threadpoolctl"
category = "main"
optional = false
python-versions = ">=3.5"

[[package]]
name = "toml"
version = "0.10.2"
description = "Python Library for Tom's Obvious, Minimal Language"
category = "dev"
optional = false
python-versions = ">=2.6, !=3.0.*, !=3.1.*, !=3.2.*"

[[package]]
name = "typed-ast"
version = "1.4.2"
description = "a fork of Python 2 and 3 ast modules with type comment support"
category = "dev"
optional = false
python-versions = "*"

[[package]]
name = "typing-extensions"
version = "3.7.4.3"
description = "Backported and Experimental Type Hints for Python 3.5+"
category = "main"
optional = false
python-versions = "*"

[[package]]
name = "virtualenv"
version = "20.4.2"
description = "Virtual Python Environment builder"
category = "dev"
optional = false
python-versions = "!=3.0.*,!=3.1.*,!=3.2.*,!=3.3.*,>=2.7"

[package.dependencies]
appdirs = ">=1.4.3,<2"
distlib = ">=0.3.1,<1"
filelock = ">=3.0.0,<4"
importlib-metadata = {version = ">=0.12", markers = "python_version < \"3.8\""}
six = ">=1.9.0,<2"

[package.extras]
docs = ["proselint (>=0.10.2)", "sphinx (>=3)", "sphinx-argparse (>=0.2.5)", "sphinx-rtd-theme (>=0.4.3)", "towncrier (>=19.9.0rc1)"]
testing = ["coverage (>=4)", "coverage-enable-subprocess (>=1)", "flaky (>=3)", "pytest (>=4)", "pytest-env (>=0.6.2)", "pytest-freezegun (>=0.4.1)", "pytest-mock (>=2)", "pytest-randomly (>=1)", "pytest-timeout (>=1)", "packaging (>=20.0)", "xonsh (>=0.9.16)"]

[[package]]
name = "zipp"
version = "3.4.0"
description = "Backport of pathlib-compatible object wrapper for zip files"
category = "dev"
optional = false
python-versions = ">=3.6"

[package.extras]
docs = ["sphinx", "jaraco.packaging (>=3.2)", "rst.linker (>=1.9)"]
testing = ["pytest (>=3.5,!=3.7.3)", "pytest-checkdocs (>=1.2.3)", "pytest-flake8", "pytest-cov", "jaraco.test (>=3.2.0)", "jaraco.itertools", "func-timeout", "pytest-black (>=0.3.7)", "pytest-mypy"]

[metadata]
lock-version = "1.1"
python-versions = "3.7.8^"
content-hash = "1a17320a3d51cbae9563f6297421ffef2b96272d0e896c55fcedb54b78989adf"

[metadata.files]
appdirs = [
    {file = "appdirs-1.4.4-py2.py3-none-any.whl", hash = "sha256:a841dacd6b99318a741b166adb07e19ee71a274450e68237b4650ca1055ab128"},
    {file = "appdirs-1.4.4.tar.gz", hash = "sha256:7d5d0167b2b1ba821647616af46a749d1c653740dd0d2415100fe26e27afdf41"},
]
black = [
    {file = "black-20.8b1.tar.gz", hash = "sha256:1c02557aa099101b9d21496f8a914e9ed2222ef70336404eeeac8edba836fbea"},
]
cfgv = [
    {file = "cfgv-3.2.0-py2.py3-none-any.whl", hash = "sha256:32e43d604bbe7896fe7c248a9c2276447dbef840feb28fe20494f62af110211d"},
    {file = "cfgv-3.2.0.tar.gz", hash = "sha256:cf22deb93d4bcf92f345a5c3cd39d3d41d6340adc60c78bbbd6588c384fda6a1"},
]
click = [
    {file = "click-7.1.2-py2.py3-none-any.whl", hash = "sha256:dacca89f4bfadd5de3d7489b7c8a566eee0d3676333fbb50030263894c38c0dc"},
    {file = "click-7.1.2.tar.gz", hash = "sha256:d2b5255c7c6349bc1bd1e59e08cd12acbbd63ce649f2588755783aa94dfb6b1a"},
]
colorama = [
    {file = "colorama-0.4.4-py2.py3-none-any.whl", hash = "sha256:9f47eda37229f68eee03b24b9748937c7dc3868f906e8ba69fbcbdd3bc5dc3e2"},
    {file = "colorama-0.4.4.tar.gz", hash = "sha256:5941b2b48a20143d2267e95b1c2a7603ce057ee39fd88e7329b0c292aa16869b"},
]
commonmark = [
    {file = "commonmark-0.9.1-py2.py3-none-any.whl", hash = "sha256:da2f38c92590f83de410ba1a3cbceafbc74fee9def35f9251ba9a971d6d66fd9"},
    {file = "commonmark-0.9.1.tar.gz", hash = "sha256:452f9dc859be7f06631ddcb328b6919c67984aca654e5fefb3914d54691aed60"},
]
distlib = [
    {file = "distlib-0.3.1-py2.py3-none-any.whl", hash = "sha256:8c09de2c67b3e7deef7184574fc060ab8a793e7adbb183d942c389c8b13c52fb"},
    {file = "distlib-0.3.1.zip", hash = "sha256:edf6116872c863e1aa9d5bb7cb5e05a022c519a4594dc703843343a9ddd9bff1"},
]
filelock = [
    {file = "filelock-3.0.12-py3-none-any.whl", hash = "sha256:929b7d63ec5b7d6b71b0fa5ac14e030b3f70b75747cef1b10da9b879fef15836"},
    {file = "filelock-3.0.12.tar.gz", hash = "sha256:18d82244ee114f543149c66a6e0c14e9c4f8a1044b5cdaadd0f82159d6a6ff59"},
]
flake8 = [
    {file = "flake8-3.8.4-py2.py3-none-any.whl", hash = "sha256:749dbbd6bfd0cf1318af27bf97a14e28e5ff548ef8e5b1566ccfb25a11e7c839"},
    {file = "flake8-3.8.4.tar.gz", hash = "sha256:aadae8761ec651813c24be05c6f7b4680857ef6afaae4651a4eccaef97ce6c3b"},
]
identify = [
    {file = "identify-1.5.13-py2.py3-none-any.whl", hash = "sha256:9dfb63a2e871b807e3ba62f029813552a24b5289504f5b071dea9b041aee9fe4"},
    {file = "identify-1.5.13.tar.gz", hash = "sha256:70b638cf4743f33042bebb3b51e25261a0a10e80f978739f17e7fd4837664a66"},
]
importlib-metadata = [
    {file = "importlib_metadata-3.4.0-py3-none-any.whl", hash = "sha256:ace61d5fc652dc280e7b6b4ff732a9c2d40db2c0f92bc6cb74e07b73d53a1771"},
    {file = "importlib_metadata-3.4.0.tar.gz", hash = "sha256:fa5daa4477a7414ae34e95942e4dd07f62adf589143c875c133c1e53c4eff38d"},
]
isort = [
    {file = "isort-5.7.0-py3-none-any.whl", hash = "sha256:fff4f0c04e1825522ce6949973e83110a6e907750cd92d128b0d14aaaadbffdc"},
    {file = "isort-5.7.0.tar.gz", hash = "sha256:c729845434366216d320e936b8ad6f9d681aab72dc7cbc2d51bedc3582f3ad1e"},
]
joblib = [
    {file = "joblib-1.0.1-py3-none-any.whl", hash = "sha256:feeb1ec69c4d45129954f1b7034954241eedfd6ba39b5e9e4b6883be3332d5e5"},
    {file = "joblib-1.0.1.tar.gz", hash = "sha256:9c17567692206d2f3fb9ecf5e991084254fe631665c450b443761c4186a613f7"},
]
mccabe = [
    {file = "mccabe-0.6.1-py2.py3-none-any.whl", hash = "sha256:ab8a6258860da4b6677da4bd2fe5dc2c659cff31b3ee4f7f5d64e79735b80d42"},
    {file = "mccabe-0.6.1.tar.gz", hash = "sha256:dd8d182285a0fe56bace7f45b5e7d1a6ebcbf524e8f3bd87eb0f125271b8831f"},
]
mypy-extensions = [
    {file = "mypy_extensions-0.4.3-py2.py3-none-any.whl", hash = "sha256:090fedd75945a69ae91ce1303b5824f428daf5a028d2f6ab8a299250a846f15d"},
    {file = "mypy_extensions-0.4.3.tar.gz", hash = "sha256:2d82818f5bb3e369420cb3c4060a7970edba416647068eb4c5343488a6c604a8"},
]
nodeenv = [
    {file = "nodeenv-1.5.0-py2.py3-none-any.whl", hash = "sha256:5304d424c529c997bc888453aeaa6362d242b6b4631e90f3d4bf1b290f1c84a9"},
    {file = "nodeenv-1.5.0.tar.gz", hash = "sha256:ab45090ae383b716c4ef89e690c41ff8c2b257b85b309f01f3654df3d084bd7c"},
]
numpy = [
    {file = "numpy-1.20.1-cp37-cp37m-macosx_10_9_x86_64.whl", hash = "sha256:ae61f02b84a0211abb56462a3b6cd1e7ec39d466d3160eb4e1da8bf6717cdbeb"},
    {file = "numpy-1.20.1-cp37-cp37m-manylinux1_i686.whl", hash = "sha256:65410c7f4398a0047eea5cca9b74009ea61178efd78d1be9847fac1d6716ec1e"},
    {file = "numpy-1.20.1-cp37-cp37m-manylinux1_x86_64.whl", hash = "sha256:2d7e27442599104ee08f4faed56bb87c55f8b10a5494ac2ead5c98a4b289e61f"},
    {file = "numpy-1.20.1-cp37-cp37m-manylinux2010_i686.whl", hash = "sha256:4ed8e96dc146e12c1c5cdd6fb9fd0757f2ba66048bf94c5126b7efebd12d0090"},
    {file = "numpy-1.20.1-cp37-cp37m-manylinux2010_x86_64.whl", hash = "sha256:ecb5b74c702358cdc21268ff4c37f7466357871f53a30e6f84c686952bef16a9"},
    {file = "numpy-1.20.1-cp37-cp37m-manylinux2014_aarch64.whl", hash = "sha256:b9410c0b6fed4a22554f072a86c361e417f0258838957b78bd063bde2c7f841f"},
    {file = "numpy-1.20.1-cp37-cp37m-win32.whl", hash = "sha256:3d3087e24e354c18fb35c454026af3ed8997cfd4997765266897c68d724e4845"},
    {file = "numpy-1.20.1-cp37-cp37m-win_amd64.whl", hash = "sha256:89f937b13b8dd17b0099c7c2e22066883c86ca1575a975f754babc8fbf8d69a9"},
    {file = "numpy-1.20.1-cp38-cp38-macosx_10_9_x86_64.whl", hash = "sha256:a1d7995d1023335e67fb070b2fae6f5968f5be3802b15ad6d79d81ecaa014fe0"},
    {file = "numpy-1.20.1-cp38-cp38-manylinux1_i686.whl", hash = "sha256:60759ab15c94dd0e1ed88241fd4fa3312db4e91d2c8f5a2d4cf3863fad83d65b"},
    {file = "numpy-1.20.1-cp38-cp38-manylinux1_x86_64.whl", hash = "sha256:125a0e10ddd99a874fd357bfa1b636cd58deb78ba4a30b5ddb09f645c3512e04"},
    {file = "numpy-1.20.1-cp38-cp38-manylinux2010_i686.whl", hash = "sha256:c26287dfc888cf1e65181f39ea75e11f42ffc4f4529e5bd19add57ad458996e2"},
    {file = "numpy-1.20.1-cp38-cp38-manylinux2010_x86_64.whl", hash = "sha256:7199109fa46277be503393be9250b983f325880766f847885607d9b13848f257"},
    {file = "numpy-1.20.1-cp38-cp38-manylinux2014_aarch64.whl", hash = "sha256:72251e43ac426ff98ea802a931922c79b8d7596480300eb9f1b1e45e0543571e"},
    {file = "numpy-1.20.1-cp38-cp38-win32.whl", hash = "sha256:c91ec9569facd4757ade0888371eced2ecf49e7982ce5634cc2cf4e7331a4b14"},
    {file = "numpy-1.20.1-cp38-cp38-win_amd64.whl", hash = "sha256:13adf545732bb23a796914fe5f891a12bd74cf3d2986eed7b7eba2941eea1590"},
    {file = "numpy-1.20.1-cp39-cp39-macosx_10_9_x86_64.whl", hash = "sha256:104f5e90b143dbf298361a99ac1af4cf59131218a045ebf4ee5990b83cff5fab"},
    {file = "numpy-1.20.1-cp39-cp39-manylinux2010_i686.whl", hash = "sha256:89e5336f2bec0c726ac7e7cdae181b325a9c0ee24e604704ed830d241c5e47ff"},
    {file = "numpy-1.20.1-cp39-cp39-manylinux2010_x86_64.whl", hash = "sha256:032be656d89bbf786d743fee11d01ef318b0781281241997558fa7950028dd29"},
    {file = "numpy-1.20.1-cp39-cp39-manylinux2014_aarch64.whl", hash = "sha256:66b467adfcf628f66ea4ac6430ded0614f5cc06ba530d09571ea404789064adc"},
    {file = "numpy-1.20.1-cp39-cp39-win32.whl", hash = "sha256:12e4ba5c6420917571f1a5becc9338abbde71dd811ce40b37ba62dec7b39af6d"},
    {file = "numpy-1.20.1-cp39-cp39-win_amd64.whl", hash = "sha256:9c94cab5054bad82a70b2e77741271790304651d584e2cdfe2041488e753863b"},
    {file = "numpy-1.20.1-pp37-pypy37_pp73-manylinux2010_x86_64.whl", hash = "sha256:9eb551d122fadca7774b97db8a112b77231dcccda8e91a5bc99e79890797175e"},
    {file = "numpy-1.20.1.zip", hash = "sha256:3bc63486a870294683980d76ec1e3efc786295ae00128f9ea38e2c6e74d5a60a"},
]
pandas = [
    {file = "pandas-1.2.2-cp37-cp37m-macosx_10_9_x86_64.whl", hash = "sha256:c76a108272a4de63189b8f64086bbaf8348841d7e610b52f50959fbbf401524f"},
    {file = "pandas-1.2.2-cp37-cp37m-manylinux1_i686.whl", hash = "sha256:e61a089151f1ed78682aa77a3bcae0495cf8e585546c26924857d7e8a9960568"},
    {file = "pandas-1.2.2-cp37-cp37m-manylinux1_x86_64.whl", hash = "sha256:fc351cd2df318674669481eb978a7799f24fd14ef26987a1aa75105b0531d1a1"},
    {file = "pandas-1.2.2-cp37-cp37m-win32.whl", hash = "sha256:05ca6bda50123158eb15e716789083ca4c3b874fd47688df1716daa72644ee1c"},
    {file = "pandas-1.2.2-cp37-cp37m-win_amd64.whl", hash = "sha256:08b6bbe74ae2b3e4741a744d2bce35ce0868a6b4189d8b84be26bb334f73da4c"},
    {file = "pandas-1.2.2-cp38-cp38-macosx_10_9_x86_64.whl", hash = "sha256:230de25bd9791748b2638c726a5f37d77a96a83854710110fadd068d1e2c2c9f"},
    {file = "pandas-1.2.2-cp38-cp38-manylinux1_i686.whl", hash = "sha256:a50cf3110a1914442e7b7b9cef394ef6bed0d801b8a34d56f4c4e927bbbcc7d0"},
    {file = "pandas-1.2.2-cp38-cp38-manylinux1_x86_64.whl", hash = "sha256:4d33537a375cfb2db4d388f9a929b6582a364137ea6c6b161b0166440d6ffe36"},
    {file = "pandas-1.2.2-cp38-cp38-manylinux2014_aarch64.whl", hash = "sha256:8ac028cd9a6e1efe43f3dc36f708263838283535cc45430a98b9803f44f4c84b"},
    {file = "pandas-1.2.2-cp38-cp38-win32.whl", hash = "sha256:c43d1beb098a1da15934262009a7120aac8dafa20d042b31dab48c28868eb5a4"},
    {file = "pandas-1.2.2-cp38-cp38-win_amd64.whl", hash = "sha256:69a70d79a791fa1fd5f6e84b8b6dec2ec92369bde4ab2e18d43fc8a1825f51d1"},
    {file = "pandas-1.2.2-cp39-cp39-macosx_10_9_x86_64.whl", hash = "sha256:cbad4155028b8ca66aa19a8b13f593ebbf51bfb6c3f2685fe64f04d695a81864"},
    {file = "pandas-1.2.2-cp39-cp39-manylinux1_i686.whl", hash = "sha256:fbddbb20f30308ba2546193d64e18c23b69f59d48cdef73676cbed803495c8dc"},
    {file = "pandas-1.2.2-cp39-cp39-manylinux1_x86_64.whl", hash = "sha256:214ae60b1f863844e97c87f758c29940ffad96c666257323a4bb2a33c58719c2"},
    {file = "pandas-1.2.2-cp39-cp39-manylinux2014_aarch64.whl", hash = "sha256:26b4919eb3039a686a86cd4f4a74224f8f66e3a419767da26909dcdd3b37c31e"},
    {file = "pandas-1.2.2-cp39-cp39-win32.whl", hash = "sha256:e3c250faaf9979d0ec836d25e420428db37783fa5fed218da49c9fc06f80f51c"},
    {file = "pandas-1.2.2-cp39-cp39-win_amd64.whl", hash = "sha256:e9bbcc7b5c432600797981706f5b54611990c6a86b2e424329c995eea5f9c42b"},
    {file = "pandas-1.2.2.tar.gz", hash = "sha256:14ed84b463e9b84c8ff9308a79b04bf591ae3122a376ee0f62c68a1bd917a773"},
]
pathspec = [
    {file = "pathspec-0.8.1-py2.py3-none-any.whl", hash = "sha256:aa0cb481c4041bf52ffa7b0d8fa6cd3e88a2ca4879c533c9153882ee2556790d"},
    {file = "pathspec-0.8.1.tar.gz", hash = "sha256:86379d6b86d75816baba717e64b1a3a3469deb93bb76d613c9ce79edc5cb68fd"},
]
pre-commit = [
    {file = "pre_commit-2.10.1-py2.py3-none-any.whl", hash = "sha256:16212d1fde2bed88159287da88ff03796863854b04dc9f838a55979325a3d20e"},
    {file = "pre_commit-2.10.1.tar.gz", hash = "sha256:399baf78f13f4de82a29b649afd74bef2c4e28eb4f021661fc7f29246e8c7a3a"},
]
pycodestyle = [
    {file = "pycodestyle-2.6.0-py2.py3-none-any.whl", hash = "sha256:2295e7b2f6b5bd100585ebcb1f616591b652db8a741695b3d8f5d28bdc934367"},
    {file = "pycodestyle-2.6.0.tar.gz", hash = "sha256:c58a7d2815e0e8d7972bf1803331fb0152f867bd89adf8a01dfd55085434192e"},
]
pyflakes = [
    {file = "pyflakes-2.2.0-py2.py3-none-any.whl", hash = "sha256:0d94e0e05a19e57a99444b6ddcf9a6eb2e5c68d3ca1e98e90707af8152c90a92"},
    {file = "pyflakes-2.2.0.tar.gz", hash = "sha256:35b2d75ee967ea93b55750aa9edbbf72813e06a66ba54438df2cfac9e3c27fc8"},
]
pygments = [
    {file = "Pygments-2.8.0-py3-none-any.whl", hash = "sha256:b21b072d0ccdf29297a82a2363359d99623597b8a265b8081760e4d0f7153c88"},
    {file = "Pygments-2.8.0.tar.gz", hash = "sha256:37a13ba168a02ac54cc5891a42b1caec333e59b66addb7fa633ea8a6d73445c0"},
]
python-dateutil = [
    {file = "python-dateutil-2.8.1.tar.gz", hash = "sha256:73ebfe9dbf22e832286dafa60473e4cd239f8592f699aa5adaf10050e6e1823c"},
    {file = "python_dateutil-2.8.1-py2.py3-none-any.whl", hash = "sha256:75bb3f31ea686f1197762692a9ee6a7550b59fc6ca3a1f4b5d7e32fb98e2da2a"},
]
pytz = [
    {file = "pytz-2021.1-py2.py3-none-any.whl", hash = "sha256:eb10ce3e7736052ed3623d49975ce333bcd712c7bb19a58b9e2089d4057d0798"},
    {file = "pytz-2021.1.tar.gz", hash = "sha256:83a4a90894bf38e243cf052c8b58f381bfe9a7a483f6a9cab140bc7f702ac4da"},
]
pyyaml = [
    {file = "PyYAML-5.4.1-cp27-cp27m-macosx_10_9_x86_64.whl", hash = "sha256:3b2b1824fe7112845700f815ff6a489360226a5609b96ec2190a45e62a9fc922"},
    {file = "PyYAML-5.4.1-cp27-cp27m-win32.whl", hash = "sha256:129def1b7c1bf22faffd67b8f3724645203b79d8f4cc81f674654d9902cb4393"},
    {file = "PyYAML-5.4.1-cp27-cp27m-win_amd64.whl", hash = "sha256:4465124ef1b18d9ace298060f4eccc64b0850899ac4ac53294547536533800c8"},
    {file = "PyYAML-5.4.1-cp27-cp27mu-manylinux1_x86_64.whl", hash = "sha256:bb4191dfc9306777bc594117aee052446b3fa88737cd13b7188d0e7aa8162185"},
    {file = "PyYAML-5.4.1-cp36-cp36m-macosx_10_9_x86_64.whl", hash = "sha256:6c78645d400265a062508ae399b60b8c167bf003db364ecb26dcab2bda048253"},
    {file = "PyYAML-5.4.1-cp36-cp36m-manylinux1_x86_64.whl", hash = "sha256:4e0583d24c881e14342eaf4ec5fbc97f934b999a6828693a99157fde912540cc"},
    {file = "PyYAML-5.4.1-cp36-cp36m-win32.whl", hash = "sha256:3bd0e463264cf257d1ffd2e40223b197271046d09dadf73a0fe82b9c1fc385a5"},
    {file = "PyYAML-5.4.1-cp36-cp36m-win_amd64.whl", hash = "sha256:e4fac90784481d221a8e4b1162afa7c47ed953be40d31ab4629ae917510051df"},
    {file = "PyYAML-5.4.1-cp37-cp37m-macosx_10_9_x86_64.whl", hash = "sha256:5accb17103e43963b80e6f837831f38d314a0495500067cb25afab2e8d7a4018"},
    {file = "PyYAML-5.4.1-cp37-cp37m-manylinux1_x86_64.whl", hash = "sha256:e1d4970ea66be07ae37a3c2e48b5ec63f7ba6804bdddfdbd3cfd954d25a82e63"},
    {file = "PyYAML-5.4.1-cp37-cp37m-win32.whl", hash = "sha256:dd5de0646207f053eb0d6c74ae45ba98c3395a571a2891858e87df7c9b9bd51b"},
    {file = "PyYAML-5.4.1-cp37-cp37m-win_amd64.whl", hash = "sha256:08682f6b72c722394747bddaf0aa62277e02557c0fd1c42cb853016a38f8dedf"},
    {file = "PyYAML-5.4.1-cp38-cp38-macosx_10_9_x86_64.whl", hash = "sha256:d2d9808ea7b4af864f35ea216be506ecec180628aced0704e34aca0b040ffe46"},
    {file = "PyYAML-5.4.1-cp38-cp38-manylinux1_x86_64.whl", hash = "sha256:8c1be557ee92a20f184922c7b6424e8ab6691788e6d86137c5d93c1a6ec1b8fb"},
    {file = "PyYAML-5.4.1-cp38-cp38-win32.whl", hash = "sha256:fa5ae20527d8e831e8230cbffd9f8fe952815b2b7dae6ffec25318803a7528fc"},
    {file = "PyYAML-5.4.1-cp38-cp38-win_amd64.whl", hash = "sha256:0f5f5786c0e09baddcd8b4b45f20a7b5d61a7e7e99846e3c799b05c7c53fa696"},
    {file = "PyYAML-5.4.1-cp39-cp39-macosx_10_9_x86_64.whl", hash = "sha256:294db365efa064d00b8d1ef65d8ea2c3426ac366c0c4368d930bf1c5fb497f77"},
    {file = "PyYAML-5.4.1-cp39-cp39-manylinux1_x86_64.whl", hash = "sha256:74c1485f7707cf707a7aef42ef6322b8f97921bd89be2ab6317fd782c2d53183"},
    {file = "PyYAML-5.4.1-cp39-cp39-win32.whl", hash = "sha256:49d4cdd9065b9b6e206d0595fee27a96b5dd22618e7520c33204a4a3239d5b10"},
    {file = "PyYAML-5.4.1-cp39-cp39-win_amd64.whl", hash = "sha256:c20cfa2d49991c8b4147af39859b167664f2ad4561704ee74c1de03318e898db"},
    {file = "PyYAML-5.4.1.tar.gz", hash = "sha256:607774cbba28732bfa802b54baa7484215f530991055bb562efbed5b2f20a45e"},
]
regex = [
    {file = "regex-2020.11.13-cp36-cp36m-macosx_10_9_x86_64.whl", hash = "sha256:8b882a78c320478b12ff024e81dc7d43c1462aa4a3341c754ee65d857a521f85"},
    {file = "regex-2020.11.13-cp36-cp36m-manylinux1_i686.whl", hash = "sha256:a63f1a07932c9686d2d416fb295ec2c01ab246e89b4d58e5fa468089cab44b70"},
    {file = "regex-2020.11.13-cp36-cp36m-manylinux1_x86_64.whl", hash = "sha256:6e4b08c6f8daca7d8f07c8d24e4331ae7953333dbd09c648ed6ebd24db5a10ee"},
    {file = "regex-2020.11.13-cp36-cp36m-manylinux2010_i686.whl", hash = "sha256:bba349276b126947b014e50ab3316c027cac1495992f10e5682dc677b3dfa0c5"},
    {file = "regex-2020.11.13-cp36-cp36m-manylinux2010_x86_64.whl", hash = "sha256:56e01daca75eae420bce184edd8bb341c8eebb19dd3bce7266332258f9fb9dd7"},
    {file = "regex-2020.11.13-cp36-cp36m-manylinux2014_aarch64.whl", hash = "sha256:6a8ce43923c518c24a2579fda49f093f1397dad5d18346211e46f134fc624e31"},
    {file = "regex-2020.11.13-cp36-cp36m-manylinux2014_i686.whl", hash = "sha256:1ab79fcb02b930de09c76d024d279686ec5d532eb814fd0ed1e0051eb8bd2daa"},
    {file = "regex-2020.11.13-cp36-cp36m-manylinux2014_x86_64.whl", hash = "sha256:9801c4c1d9ae6a70aeb2128e5b4b68c45d4f0af0d1535500884d644fa9b768c6"},
    {file = "regex-2020.11.13-cp36-cp36m-win32.whl", hash = "sha256:49cae022fa13f09be91b2c880e58e14b6da5d10639ed45ca69b85faf039f7a4e"},
    {file = "regex-2020.11.13-cp36-cp36m-win_amd64.whl", hash = "sha256:749078d1eb89484db5f34b4012092ad14b327944ee7f1c4f74d6279a6e4d1884"},
    {file = "regex-2020.11.13-cp37-cp37m-macosx_10_9_x86_64.whl", hash = "sha256:b2f4007bff007c96a173e24dcda236e5e83bde4358a557f9ccf5e014439eae4b"},
    {file = "regex-2020.11.13-cp37-cp37m-manylinux1_i686.whl", hash = "sha256:38c8fd190db64f513fe4e1baa59fed086ae71fa45083b6936b52d34df8f86a88"},
    {file = "regex-2020.11.13-cp37-cp37m-manylinux1_x86_64.whl", hash = "sha256:5862975b45d451b6db51c2e654990c1820523a5b07100fc6903e9c86575202a0"},
    {file = "regex-2020.11.13-cp37-cp37m-manylinux2010_i686.whl", hash = "sha256:262c6825b309e6485ec2493ffc7e62a13cf13fb2a8b6d212f72bd53ad34118f1"},
    {file = "regex-2020.11.13-cp37-cp37m-manylinux2010_x86_64.whl", hash = "sha256:bafb01b4688833e099d79e7efd23f99172f501a15c44f21ea2118681473fdba0"},
    {file = "regex-2020.11.13-cp37-cp37m-manylinux2014_aarch64.whl", hash = "sha256:e32f5f3d1b1c663af7f9c4c1e72e6ffe9a78c03a31e149259f531e0fed826512"},
    {file = "regex-2020.11.13-cp37-cp37m-manylinux2014_i686.whl", hash = "sha256:3bddc701bdd1efa0d5264d2649588cbfda549b2899dc8d50417e47a82e1387ba"},
    {file = "regex-2020.11.13-cp37-cp37m-manylinux2014_x86_64.whl", hash = "sha256:02951b7dacb123d8ea6da44fe45ddd084aa6777d4b2454fa0da61d569c6fa538"},
    {file = "regex-2020.11.13-cp37-cp37m-win32.whl", hash = "sha256:0d08e71e70c0237883d0bef12cad5145b84c3705e9c6a588b2a9c7080e5af2a4"},
    {file = "regex-2020.11.13-cp37-cp37m-win_amd64.whl", hash = "sha256:1fa7ee9c2a0e30405e21031d07d7ba8617bc590d391adfc2b7f1e8b99f46f444"},
    {file = "regex-2020.11.13-cp38-cp38-macosx_10_9_x86_64.whl", hash = "sha256:baf378ba6151f6e272824b86a774326f692bc2ef4cc5ce8d5bc76e38c813a55f"},
    {file = "regex-2020.11.13-cp38-cp38-manylinux1_i686.whl", hash = "sha256:e3faaf10a0d1e8e23a9b51d1900b72e1635c2d5b0e1bea1c18022486a8e2e52d"},
    {file = "regex-2020.11.13-cp38-cp38-manylinux1_x86_64.whl", hash = "sha256:2a11a3e90bd9901d70a5b31d7dd85114755a581a5da3fc996abfefa48aee78af"},
    {file = "regex-2020.11.13-cp38-cp38-manylinux2010_i686.whl", hash = "sha256:d1ebb090a426db66dd80df8ca85adc4abfcbad8a7c2e9a5ec7513ede522e0a8f"},
    {file = "regex-2020.11.13-cp38-cp38-manylinux2010_x86_64.whl", hash = "sha256:b2b1a5ddae3677d89b686e5c625fc5547c6e492bd755b520de5332773a8af06b"},
    {file = "regex-2020.11.13-cp38-cp38-manylinux2014_aarch64.whl", hash = "sha256:2c99e97d388cd0a8d30f7c514d67887d8021541b875baf09791a3baad48bb4f8"},
    {file = "regex-2020.11.13-cp38-cp38-manylinux2014_i686.whl", hash = "sha256:c084582d4215593f2f1d28b65d2a2f3aceff8342aa85afd7be23a9cad74a0de5"},
    {file = "regex-2020.11.13-cp38-cp38-manylinux2014_x86_64.whl", hash = "sha256:a3d748383762e56337c39ab35c6ed4deb88df5326f97a38946ddd19028ecce6b"},
    {file = "regex-2020.11.13-cp38-cp38-win32.whl", hash = "sha256:7913bd25f4ab274ba37bc97ad0e21c31004224ccb02765ad984eef43e04acc6c"},
    {file = "regex-2020.11.13-cp38-cp38-win_amd64.whl", hash = "sha256:6c54ce4b5d61a7129bad5c5dc279e222afd00e721bf92f9ef09e4fae28755683"},
    {file = "regex-2020.11.13-cp39-cp39-macosx_10_9_x86_64.whl", hash = "sha256:1862a9d9194fae76a7aaf0150d5f2a8ec1da89e8b55890b1786b8f88a0f619dc"},
    {file = "regex-2020.11.13-cp39-cp39-manylinux1_i686.whl", hash = "sha256:4902e6aa086cbb224241adbc2f06235927d5cdacffb2425c73e6570e8d862364"},
    {file = "regex-2020.11.13-cp39-cp39-manylinux1_x86_64.whl", hash = "sha256:7a25fcbeae08f96a754b45bdc050e1fb94b95cab046bf56b016c25e9ab127b3e"},
    {file = "regex-2020.11.13-cp39-cp39-manylinux2010_i686.whl", hash = "sha256:d2d8ce12b7c12c87e41123997ebaf1a5767a5be3ec545f64675388970f415e2e"},
    {file = "regex-2020.11.13-cp39-cp39-manylinux2010_x86_64.whl", hash = "sha256:f7d29a6fc4760300f86ae329e3b6ca28ea9c20823df123a2ea8693e967b29917"},
    {file = "regex-2020.11.13-cp39-cp39-manylinux2014_aarch64.whl", hash = "sha256:717881211f46de3ab130b58ec0908267961fadc06e44f974466d1887f865bd5b"},
    {file = "regex-2020.11.13-cp39-cp39-manylinux2014_i686.whl", hash = "sha256:3128e30d83f2e70b0bed9b2a34e92707d0877e460b402faca908c6667092ada9"},
    {file = "regex-2020.11.13-cp39-cp39-manylinux2014_x86_64.whl", hash = "sha256:8f6a2229e8ad946e36815f2a03386bb8353d4bde368fdf8ca5f0cb97264d3b5c"},
    {file = "regex-2020.11.13-cp39-cp39-win32.whl", hash = "sha256:f8f295db00ef5f8bae530fc39af0b40486ca6068733fb860b42115052206466f"},
    {file = "regex-2020.11.13-cp39-cp39-win_amd64.whl", hash = "sha256:a15f64ae3a027b64496a71ab1f722355e570c3fac5ba2801cafce846bf5af01d"},
    {file = "regex-2020.11.13.tar.gz", hash = "sha256:83d6b356e116ca119db8e7c6fc2983289d87b27b3fac238cfe5dca529d884562"},
]
rich = [
    {file = "rich-9.10.0-py3-none-any.whl", hash = "sha256:3070d53e3a93864de351c1091af1deb25f41e6051b33e485d4626b591c0cfdb3"},
    {file = "rich-9.10.0.tar.gz", hash = "sha256:e0f2db62a52536ee32f6f584a47536465872cae2b94887cf1f080fb9eaa13eb2"},
]
scikit-learn = [
    {file = "scikit-learn-0.24.1.tar.gz", hash = "sha256:a0334a1802e64d656022c3bfab56a73fbd6bf4b1298343f3688af2151810bbdf"},
    {file = "scikit_learn-0.24.1-cp36-cp36m-macosx_10_13_x86_64.whl", hash = "sha256:9bed8a1ef133c8e2f13966a542cb8125eac7f4b67dcd234197c827ba9c7dd3e0"},
    {file = "scikit_learn-0.24.1-cp36-cp36m-manylinux1_i686.whl", hash = "sha256:a36e159a0521e13bbe15ca8c8d038b3a1dd4c7dad18d276d76992e03b92cf643"},
    {file = "scikit_learn-0.24.1-cp36-cp36m-manylinux1_x86_64.whl", hash = "sha256:c658432d8a20e95398f6bb95ff9731ce9dfa343fdf21eea7ec6a7edfacd4b4d9"},
    {file = "scikit_learn-0.24.1-cp36-cp36m-manylinux2010_i686.whl", hash = "sha256:9dfa564ef27e8e674aa1cc74378416d580ac4ede1136c13dd555a87996e13422"},
    {file = "scikit_learn-0.24.1-cp36-cp36m-manylinux2010_x86_64.whl", hash = "sha256:9c6097b6a9b2bafc5e0f31f659e6ab5e131383209c30c9e978c5b8abdac5ed2a"},
    {file = "scikit_learn-0.24.1-cp36-cp36m-win32.whl", hash = "sha256:7b04691eb2f41d2c68dbda8d1bd3cb4ef421bdc43aaa56aeb6c762224552dfb6"},
    {file = "scikit_learn-0.24.1-cp36-cp36m-win_amd64.whl", hash = "sha256:1adf483e91007a87171d7ce58c34b058eb5dab01b5fee6052f15841778a8ecd8"},
    {file = "scikit_learn-0.24.1-cp37-cp37m-macosx_10_13_x86_64.whl", hash = "sha256:ddb52d088889f5596bc4d1de981f2eca106b58243b6679e4782f3ba5096fd645"},
    {file = "scikit_learn-0.24.1-cp37-cp37m-manylinux1_i686.whl", hash = "sha256:a29460499c1e62b7a830bb57ca42e615375a6ab1bcad053cd25b493588348ea8"},
    {file = "scikit_learn-0.24.1-cp37-cp37m-manylinux1_x86_64.whl", hash = "sha256:0567a2d29ad08af98653300c623bd8477b448fe66ced7198bef4ed195925f082"},
    {file = "scikit_learn-0.24.1-cp37-cp37m-manylinux2010_i686.whl", hash = "sha256:99349d77f54e11f962d608d94dfda08f0c9e5720d97132233ebdf35be2858b2d"},
    {file = "scikit_learn-0.24.1-cp37-cp37m-manylinux2010_x86_64.whl", hash = "sha256:83b21ff053b1ff1c018a2d24db6dd3ea339b1acfbaa4d9c881731f43748d8b3b"},
    {file = "scikit_learn-0.24.1-cp37-cp37m-win32.whl", hash = "sha256:c3deb3b19dd9806acf00cf0d400e84562c227723013c33abefbbc3cf906596e9"},
    {file = "scikit_learn-0.24.1-cp37-cp37m-win_amd64.whl", hash = "sha256:d54dbaadeb1425b7d6a66bf44bee2bb2b899fe3e8850b8e94cfb9c904dcb46d0"},
    {file = "scikit_learn-0.24.1-cp38-cp38-macosx_10_13_x86_64.whl", hash = "sha256:3c4f07f47c04e81b134424d53c3f5e16dfd7f494e44fd7584ba9ce9de2c5e6c1"},
    {file = "scikit_learn-0.24.1-cp38-cp38-manylinux1_i686.whl", hash = "sha256:c13ebac42236b1c46397162471ea1c46af68413000e28b9309f8c05722c65a09"},
    {file = "scikit_learn-0.24.1-cp38-cp38-manylinux1_x86_64.whl", hash = "sha256:4ddd2b6f7449a5d539ff754fa92d75da22de261fd8fdcfb3596799fadf255101"},
    {file = "scikit_learn-0.24.1-cp38-cp38-manylinux2010_i686.whl", hash = "sha256:826b92bf45b8ad80444814e5f4ac032156dd481e48d7da33d611f8fe96d5f08b"},
    {file = "scikit_learn-0.24.1-cp38-cp38-manylinux2010_x86_64.whl", hash = "sha256:259ec35201e82e2db1ae2496f229e63f46d7f1695ae68eef9350b00dc74ba52f"},
    {file = "scikit_learn-0.24.1-cp38-cp38-win32.whl", hash = "sha256:8772b99d683be8f67fcc04789032f1b949022a0e6880ee7b75a7ec97dbbb5d0b"},
    {file = "scikit_learn-0.24.1-cp38-cp38-win_amd64.whl", hash = "sha256:ed9d65594948678827f4ff0e7ae23344e2f2b4cabbca057ccaed3118fdc392ca"},
    {file = "scikit_learn-0.24.1-cp39-cp39-macosx_10_13_x86_64.whl", hash = "sha256:8aa1b3ac46b80eaa552b637eeadbbce3be5931e4b5002b964698e33a1b589e1e"},
    {file = "scikit_learn-0.24.1-cp39-cp39-manylinux1_i686.whl", hash = "sha256:c7f4eb77504ac586d8ac1bde1b0c04b504487210f95297235311a0ab7edd7e38"},
    {file = "scikit_learn-0.24.1-cp39-cp39-manylinux1_x86_64.whl", hash = "sha256:087dfede39efb06ab30618f9ab55a0397f29c38d63cd0ab88d12b500b7d65fd7"},
    {file = "scikit_learn-0.24.1-cp39-cp39-manylinux2010_i686.whl", hash = "sha256:895dbf2030aa7337649e36a83a007df3c9811396b4e2fa672a851160f36ce90c"},
    {file = "scikit_learn-0.24.1-cp39-cp39-manylinux2010_x86_64.whl", hash = "sha256:9a24d1ccec2a34d4cd3f2a1f86409f3f5954cc23d4d2270ba0d03cf018aa4780"},
    {file = "scikit_learn-0.24.1-cp39-cp39-win32.whl", hash = "sha256:fab31f48282ebf54dd69f6663cd2d9800096bad1bb67bbc9c9ac84eb77b41972"},
    {file = "scikit_learn-0.24.1-cp39-cp39-win_amd64.whl", hash = "sha256:4562dcf4793e61c5d0f89836d07bc37521c3a1889da8f651e2c326463c4bd697"},
]
scipy = [
    {file = "scipy-1.6.0-cp37-cp37m-macosx_10_9_x86_64.whl", hash = "sha256:3d4303e3e21d07d9557b26a1707bb9fc065510ee8501c9bf22a0157249a82fd0"},
    {file = "scipy-1.6.0-cp37-cp37m-manylinux1_i686.whl", hash = "sha256:1bc5b446600c4ff7ab36bade47180673141322f0febaa555f1c433fe04f2a0e3"},
    {file = "scipy-1.6.0-cp37-cp37m-manylinux1_x86_64.whl", hash = "sha256:8840a9adb4ede3751f49761653d3ebf664f25195fdd42ada394ffea8903dd51d"},
    {file = "scipy-1.6.0-cp37-cp37m-manylinux2014_aarch64.whl", hash = "sha256:8629135ee00cc2182ac8be8e75643b9f02235942443732c2ed69ab48edcb6614"},
    {file = "scipy-1.6.0-cp37-cp37m-win32.whl", hash = "sha256:58731bbe0103e96b89b2f41516699db9b63066e4317e31b8402891571f6d358f"},
    {file = "scipy-1.6.0-cp37-cp37m-win_amd64.whl", hash = "sha256:876badc33eec20709d4e042a09834f5953ebdac4088d45a4f3a1f18b56885718"},
    {file = "scipy-1.6.0-cp38-cp38-macosx_10_9_x86_64.whl", hash = "sha256:c0911f3180de343643f369dc5cfedad6ba9f939c2d516bddea4a6871eb000722"},
    {file = "scipy-1.6.0-cp38-cp38-manylinux1_i686.whl", hash = "sha256:b8af26839ae343655f3ca377a5d5e5466f1d3b3ac7432a43449154fe958ae0e0"},
    {file = "scipy-1.6.0-cp38-cp38-manylinux1_x86_64.whl", hash = "sha256:4f1d9cc977ac6a4a63c124045c1e8bf67ec37098f67c699887a93736961a00ae"},
    {file = "scipy-1.6.0-cp38-cp38-manylinux2014_aarch64.whl", hash = "sha256:eb7928275f3560d47e5538e15e9f32b3d64cd30ea8f85f3e82987425476f53f6"},
    {file = "scipy-1.6.0-cp38-cp38-win32.whl", hash = "sha256:31ab217b5c27ab429d07428a76002b33662f98986095bbce5d55e0788f7e8b15"},
    {file = "scipy-1.6.0-cp38-cp38-win_amd64.whl", hash = "sha256:2f1c2ebca6fd867160e70102200b1bd07b3b2d31a3e6af3c58d688c15d0d07b7"},
    {file = "scipy-1.6.0-cp39-cp39-macosx_10_9_x86_64.whl", hash = "sha256:155225621df90fcd151e25d51c50217e412de717475999ebb76e17e310176981"},
    {file = "scipy-1.6.0-cp39-cp39-manylinux1_i686.whl", hash = "sha256:f68d5761a2d2376e2b194c8e9192bbf7c51306ca176f1a0889990a52ef0d551f"},
    {file = "scipy-1.6.0-cp39-cp39-manylinux1_x86_64.whl", hash = "sha256:d902d3a5ad7f28874c0a82db95246d24ca07ad932741df668595fe00a4819870"},
    {file = "scipy-1.6.0-cp39-cp39-manylinux2014_aarch64.whl", hash = "sha256:aef3a2dbc436bbe8f6e0b635f0b5fe5ed024b522eee4637dbbe0b974129ca734"},
    {file = "scipy-1.6.0-cp39-cp39-win32.whl", hash = "sha256:cdbc47628184a0ebeb5c08f1892614e1bd4a51f6e0d609c6eed253823a960f5b"},
    {file = "scipy-1.6.0-cp39-cp39-win_amd64.whl", hash = "sha256:313785c4dab65060f9648112d025f6d2fec69a8a889c714328882d678a95f053"},
    {file = "scipy-1.6.0.tar.gz", hash = "sha256:cb6dc9f82dfd95f6b9032a8d7ea70efeeb15d5b5fd6ed4e8537bb3c673580566"},
]
six = [
    {file = "six-1.15.0-py2.py3-none-any.whl", hash = "sha256:8b74bedcbbbaca38ff6d7491d76f2b06b3592611af620f8426e82dddb04a5ced"},
    {file = "six-1.15.0.tar.gz", hash = "sha256:30639c035cdb23534cd4aa2dd52c3bf48f06e5f4a941509c8bafd8ce11080259"},
]
sklearn = [
    {file = "sklearn-0.0.tar.gz", hash = "sha256:e23001573aa194b834122d2b9562459bf5ae494a2d59ca6b8aa22c85a44c0e31"},
]
threadpoolctl = [
    {file = "threadpoolctl-2.1.0-py3-none-any.whl", hash = "sha256:38b74ca20ff3bb42caca8b00055111d74159ee95c4370882bbff2b93d24da725"},
    {file = "threadpoolctl-2.1.0.tar.gz", hash = "sha256:ddc57c96a38beb63db45d6c159b5ab07b6bced12c45a1f07b2b92f272aebfa6b"},
]
toml = [
    {file = "toml-0.10.2-py2.py3-none-any.whl", hash = "sha256:806143ae5bfb6a3c6e736a764057db0e6a0e05e338b5630894a5f779cabb4f9b"},
    {file = "toml-0.10.2.tar.gz", hash = "sha256:b3bda1d108d5dd99f4a20d24d9c348e91c4db7ab1b749200bded2f839ccbe68f"},
]
typed-ast = [
    {file = "typed_ast-1.4.2-cp35-cp35m-manylinux1_i686.whl", hash = "sha256:7703620125e4fb79b64aa52427ec192822e9f45d37d4b6625ab37ef403e1df70"},
    {file = "typed_ast-1.4.2-cp35-cp35m-manylinux1_x86_64.whl", hash = "sha256:c9aadc4924d4b5799112837b226160428524a9a45f830e0d0f184b19e4090487"},
    {file = "typed_ast-1.4.2-cp35-cp35m-manylinux2014_aarch64.whl", hash = "sha256:9ec45db0c766f196ae629e509f059ff05fc3148f9ffd28f3cfe75d4afb485412"},
    {file = "typed_ast-1.4.2-cp35-cp35m-win32.whl", hash = "sha256:85f95aa97a35bdb2f2f7d10ec5bbdac0aeb9dafdaf88e17492da0504de2e6400"},
    {file = "typed_ast-1.4.2-cp35-cp35m-win_amd64.whl", hash = "sha256:9044ef2df88d7f33692ae3f18d3be63dec69c4fb1b5a4a9ac950f9b4ba571606"},
    {file = "typed_ast-1.4.2-cp36-cp36m-macosx_10_9_x86_64.whl", hash = "sha256:c1c876fd795b36126f773db9cbb393f19808edd2637e00fd6caba0e25f2c7b64"},
    {file = "typed_ast-1.4.2-cp36-cp36m-manylinux1_i686.whl", hash = "sha256:5dcfc2e264bd8a1db8b11a892bd1647154ce03eeba94b461effe68790d8b8e07"},
    {file = "typed_ast-1.4.2-cp36-cp36m-manylinux1_x86_64.whl", hash = "sha256:8db0e856712f79c45956da0c9a40ca4246abc3485ae0d7ecc86a20f5e4c09abc"},
    {file = "typed_ast-1.4.2-cp36-cp36m-manylinux2014_aarch64.whl", hash = "sha256:d003156bb6a59cda9050e983441b7fa2487f7800d76bdc065566b7d728b4581a"},
    {file = "typed_ast-1.4.2-cp36-cp36m-win32.whl", hash = "sha256:4c790331247081ea7c632a76d5b2a265e6d325ecd3179d06e9cf8d46d90dd151"},
    {file = "typed_ast-1.4.2-cp36-cp36m-win_amd64.whl", hash = "sha256:d175297e9533d8d37437abc14e8a83cbc68af93cc9c1c59c2c292ec59a0697a3"},
    {file = "typed_ast-1.4.2-cp37-cp37m-macosx_10_9_x86_64.whl", hash = "sha256:cf54cfa843f297991b7388c281cb3855d911137223c6b6d2dd82a47ae5125a41"},
    {file = "typed_ast-1.4.2-cp37-cp37m-manylinux1_i686.whl", hash = "sha256:b4fcdcfa302538f70929eb7b392f536a237cbe2ed9cba88e3bf5027b39f5f77f"},
    {file = "typed_ast-1.4.2-cp37-cp37m-manylinux1_x86_64.whl", hash = "sha256:987f15737aba2ab5f3928c617ccf1ce412e2e321c77ab16ca5a293e7bbffd581"},
    {file = "typed_ast-1.4.2-cp37-cp37m-manylinux2014_aarch64.whl", hash = "sha256:37f48d46d733d57cc70fd5f30572d11ab8ed92da6e6b28e024e4a3edfb456e37"},
    {file = "typed_ast-1.4.2-cp37-cp37m-win32.whl", hash = "sha256:36d829b31ab67d6fcb30e185ec996e1f72b892255a745d3a82138c97d21ed1cd"},
    {file = "typed_ast-1.4.2-cp37-cp37m-win_amd64.whl", hash = "sha256:8368f83e93c7156ccd40e49a783a6a6850ca25b556c0fa0240ed0f659d2fe496"},
    {file = "typed_ast-1.4.2-cp38-cp38-macosx_10_9_x86_64.whl", hash = "sha256:963c80b583b0661918718b095e02303d8078950b26cc00b5e5ea9ababe0de1fc"},
    {file = "typed_ast-1.4.2-cp38-cp38-manylinux1_i686.whl", hash = "sha256:e683e409e5c45d5c9082dc1daf13f6374300806240719f95dc783d1fc942af10"},
    {file = "typed_ast-1.4.2-cp38-cp38-manylinux1_x86_64.whl", hash = "sha256:84aa6223d71012c68d577c83f4e7db50d11d6b1399a9c779046d75e24bed74ea"},
    {file = "typed_ast-1.4.2-cp38-cp38-manylinux2014_aarch64.whl", hash = "sha256:a38878a223bdd37c9709d07cd357bb79f4c760b29210e14ad0fb395294583787"},
    {file = "typed_ast-1.4.2-cp38-cp38-win32.whl", hash = "sha256:a2c927c49f2029291fbabd673d51a2180038f8cd5a5b2f290f78c4516be48be2"},
    {file = "typed_ast-1.4.2-cp38-cp38-win_amd64.whl", hash = "sha256:c0c74e5579af4b977c8b932f40a5464764b2f86681327410aa028a22d2f54937"},
    {file = "typed_ast-1.4.2-cp39-cp39-macosx_10_9_x86_64.whl", hash = "sha256:07d49388d5bf7e863f7fa2f124b1b1d89d8aa0e2f7812faff0a5658c01c59aa1"},
    {file = "typed_ast-1.4.2-cp39-cp39-manylinux1_i686.whl", hash = "sha256:240296b27397e4e37874abb1df2a608a92df85cf3e2a04d0d4d61055c8305ba6"},
    {file = "typed_ast-1.4.2-cp39-cp39-manylinux1_x86_64.whl", hash = "sha256:d746a437cdbca200622385305aedd9aef68e8a645e385cc483bdc5e488f07166"},
    {file = "typed_ast-1.4.2-cp39-cp39-manylinux2014_aarch64.whl", hash = "sha256:14bf1522cdee369e8f5581238edac09150c765ec1cb33615855889cf33dcb92d"},
    {file = "typed_ast-1.4.2-cp39-cp39-win32.whl", hash = "sha256:cc7b98bf58167b7f2db91a4327da24fb93368838eb84a44c472283778fc2446b"},
    {file = "typed_ast-1.4.2-cp39-cp39-win_amd64.whl", hash = "sha256:7147e2a76c75f0f64c4319886e7639e490fee87c9d25cb1d4faef1d8cf83a440"},
    {file = "typed_ast-1.4.2.tar.gz", hash = "sha256:9fc0b3cb5d1720e7141d103cf4819aea239f7d136acf9ee4a69b047b7986175a"},
]
typing-extensions = [
    {file = "typing_extensions-3.7.4.3-py2-none-any.whl", hash = "sha256:dafc7639cde7f1b6e1acc0f457842a83e722ccca8eef5270af2d74792619a89f"},
    {file = "typing_extensions-3.7.4.3-py3-none-any.whl", hash = "sha256:7cb407020f00f7bfc3cb3e7881628838e69d8f3fcab2f64742a5e76b2f841918"},
    {file = "typing_extensions-3.7.4.3.tar.gz", hash = "sha256:99d4073b617d30288f569d3f13d2bd7548c3a7e4c8de87db09a9d29bb3a4a60c"},
]
virtualenv = [
    {file = "virtualenv-20.4.2-py2.py3-none-any.whl", hash = "sha256:2be72df684b74df0ea47679a7df93fd0e04e72520022c57b479d8f881485dbe3"},
    {file = "virtualenv-20.4.2.tar.gz", hash = "sha256:147b43894e51dd6bba882cf9c282447f780e2251cd35172403745fc381a0a80d"},
]
zipp = [
    {file = "zipp-3.4.0-py3-none-any.whl", hash = "sha256:102c24ef8f171fd729d46599845e95c7ab894a4cf45f5de11a44cc7444fb1108"},
    {file = "zipp-3.4.0.tar.gz", hash = "sha256:ed5eee1974372595f9e416cc7bbeeb12335201d8081ca8a0743c954d4446e5cb"},
]
